
Microsoft Visual Studio Solution File, Format Version 12.00
# Visual Studio Version 17
VisualStudioVersion = 17.7.34202.233
MinimumVisualStudioVersion = 10.0.40219.1
Project("{FAE04EC0-301F-11D3-BF4B-00C04F79EFBC}") = "DOANWINFORM", "DOANWINFORM\DOANWINFORM.csproj", "{AAEB087E-4E1C-41CF-A35D-FC898BEE7B43}"
EndProject
Global
	GlobalSection(SolutionConfigurationPlatforms) = preSolution
		Debug|Any CPU = Debug|Any CPU
		Release|Any CPU = Release|Any CPU
	EndGlobalSection
	GlobalSection(ProjectConfigurationPlatforms) = postSolution
		{AAEB087E-4E1C-41CF-A35D-FC898BEE7B43}.Debug|Any CPU.ActiveCfg = Debug|Any CPU
		{AAEB087E-4E1C-41CF-A35D-FC898BEE7B43}.Debug|Any CPU.Build.0 = Debug|Any CPU
		{AAEB087E-4E1C-41CF-A35D-FC898BEE7B43}.Release|Any CPU.ActiveCfg = Release|Any CPU
		{AAEB087E-4E1C-41CF-A35D-FC898BEE7B43}.Release|Any CPU.Build.0 = Release|Any CPU
	EndGlobalSection
	GlobalSection(SolutionProperties) = preSolution
		HideSolutionNode = FALSE
	EndGlobalSection
	GlobalSection(ExtensibilityGlobals) = postSolution
		SolutionGuid = {296F77FF-4620-40D1-A3FA-468AA909CCC5}
	EndGlobalSection
EndGlobal
